<?xml version="1.0" encoding="UTF-8" standalone="yes" ?>
<CodeBlocks_project_file>
	<FileVersion major="1" minor="6" />
	<Project>
		<Option title="Lesson07" />
		<Option pch_mode="2" />
		<Option compiler="gcc" />
		<Build>
			<Target title="Debug">
				<Option output="bin/Debug/Lesson07" prefix_auto="1" extension_auto="1" />
				<Option working_dir="C:/Users/matth/Desktop/178Games/common/bin" />
				<Option object_output="obj/Debug/" />
				<Option type="1" />
				<Option compiler="gcc" />
				<Compiler>
					<Add option="-g" />
					<Add directory="include" />
				</Compiler>
			</Target>
			<Target title="Release">
				<Option output="../../../MyGame/Arcane" prefix_auto="0" extension_auto="1" />
				<Option working_dir="../../../MyGame" />
				<Option object_output="../../../MyGame" />
				<Option type="0" />
				<Option compiler="gcc" />
				<Compiler>
					<Add option="-O2" />
					<Add directory="include" />
				</Compiler>
				<Linker>
					<Add option="-s" />
				</Linker>
			</Target>
		</Build>
		<Compiler>
			<Add option="-Wall" />
			<Add directory="C:/Users/matth/Desktop/178Games/common/include" />
		</Compiler>
		<Linker>
			<Add library="../../../178Games/common/lib/libirrKlang.a" />
			<Add library="../../../178Games/common/lib/libSOIL.a" />
			<Add library="glut32" />
			<Add library="opengl32" />
			<Add library="glu32" />
			<Add library="winmm" />
			<Add library="gdi32" />
			<Add directory="C:/Users/matth/Desktop/178Games/common/lib" />
		</Linker>
		<Unit filename="include/Common.h" />
		<Unit filename="include/GLInputs.h" />
		<Unit filename="include/GLInventory.h" />
		<Unit filename="include/GLLight.h" />
		<Unit filename="include/GLModel.h" />
		<Unit filename="include/GLParallax.h" />
		<Unit filename="include/GLRogue.h" />
		<Unit filename="include/GLScene.h" />
		<Unit filename="include/GLSkeleton.h" />
		<Unit filename="include/GLSounds.h" />
		<Unit filename="include/GLTexture.h" />
		<Unit filename="include/GLTimer.h" />
		<Unit filename="include/GLWarrior.h" />
		<Unit filename="include/GLWizard.h" />
		<Unit filename="include/bClock.h" />
		<Unit filename="include/collisionCheck.h" />
		<Unit filename="include/hitBox.h" />
		<Unit filename="include/projectile.h" />
		<Unit filename="include/rangedEn.h" />
		<Unit filename="include/slime.h" />
		<Unit filename="main.cpp" />
		<Unit filename="src/GLInputs.cpp" />
		<Unit filename="src/GLInventory.cpp" />
		<Unit filename="src/GLLight.cpp" />
		<Unit filename="src/GLModel.cpp" />
		<Unit filename="src/GLParallax.cpp" />
		<Unit filename="src/GLRogue.cpp" />
		<Unit filename="src/GLScene.cpp" />
		<Unit filename="src/GLSkeleton.cpp" />
		<Unit filename="src/GLSounds.cpp" />
		<Unit filename="src/GLTexture.cpp" />
		<Unit filename="src/GLTimer.cpp" />
		<Unit filename="src/GLWarrior.cpp" />
		<Unit filename="src/GLWizard.cpp" />
		<Unit filename="src/bClock.cpp" />
		<Unit filename="src/collisionCheck.cpp" />
		<Unit filename="src/hitBox.cpp" />
		<Unit filename="src/projectile.cpp" />
		<Unit filename="src/rangedEn.cpp" />
		<Unit filename="src/slime.cpp" />
		<Extensions>
			<lib_finder disable_auto="1" />
		</Extensions>
	</Project>
</CodeBlocks_project_file>
